
Microsoft Visual Studio Solution File, Format Version 12.00
# Visual Studio Version 17
VisualStudioVersion = 17.4.33122.133
MinimumVisualStudioVersion = 10.0.40219.1
Project("{9A19103F-16F7-4668-BE54-9A1E7A4F7556}") = "DotJEM.SourceGen.TemplateGenerator.Test", "DotJEM.SourceGen.TemplateGenerator.Test\DotJEM.SourceGen.TemplateGenerator.Test.csproj", "{7858C47A-01FB-4A05-96F3-1761B903B4E9}"
EndProject
Project("{9A19103F-16F7-4668-BE54-9A1E7A4F7556}") = "DotJEM.SourceGen.TemplateGenerator", "DotJEM.SourceGen.TemplateGenerator\DotJEM.SourceGen.TemplateGenerator.csproj", "{8E701009-19B4-49D8-ABA6-8104EC87BC95}"
EndProject
Project("{9A19103F-16F7-4668-BE54-9A1E7A4F7556}") = "DotJEM.SourceGen.TemplateGenerator.Demo", "DotJEM.SourceGen.TemplateGenerator.Demo\DotJEM.SourceGen.TemplateGenerator.Demo.csproj", "{32595ECD-FEB9-47A8-B004-F31DFA6C4903}"
EndProject
Project("{2150E333-8FDC-42A3-9474-1A3956D46DE8}") = ".solution", ".solution", "{8D9172FD-766B-4930-ADBD-4B12006F0F32}"
	ProjectSection(SolutionItems) = preProject
		..\.gitignore = ..\.gitignore
		..\avatar.png = ..\avatar.png
		..\LICENSE = ..\LICENSE
		..\README.md = ..\README.md
		..\VERSION = ..\VERSION
	EndProjectSection
EndProject
Global
	GlobalSection(SolutionConfigurationPlatforms) = preSolution
		Debug|Any CPU = Debug|Any CPU
		Release|Any CPU = Release|Any CPU
	EndGlobalSection
	GlobalSection(ProjectConfigurationPlatforms) = postSolution
		{7858C47A-01FB-4A05-96F3-1761B903B4E9}.Debug|Any CPU.ActiveCfg = Debug|Any CPU
		{7858C47A-01FB-4A05-96F3-1761B903B4E9}.Debug|Any CPU.Build.0 = Debug|Any CPU
		{7858C47A-01FB-4A05-96F3-1761B903B4E9}.Release|Any CPU.ActiveCfg = Release|Any CPU
		{7858C47A-01FB-4A05-96F3-1761B903B4E9}.Release|Any CPU.Build.0 = Release|Any CPU
		{8E701009-19B4-49D8-ABA6-8104EC87BC95}.Debug|Any CPU.ActiveCfg = Debug|Any CPU
		{8E701009-19B4-49D8-ABA6-8104EC87BC95}.Debug|Any CPU.Build.0 = Debug|Any CPU
		{8E701009-19B4-49D8-ABA6-8104EC87BC95}.Release|Any CPU.ActiveCfg = Release|Any CPU
		{8E701009-19B4-49D8-ABA6-8104EC87BC95}.Release|Any CPU.Build.0 = Release|Any CPU
		{32595ECD-FEB9-47A8-B004-F31DFA6C4903}.Debug|Any CPU.ActiveCfg = Debug|Any CPU
		{32595ECD-FEB9-47A8-B004-F31DFA6C4903}.Debug|Any CPU.Build.0 = Debug|Any CPU
		{32595ECD-FEB9-47A8-B004-F31DFA6C4903}.Release|Any CPU.ActiveCfg = Release|Any CPU
	EndGlobalSection
	GlobalSection(SolutionProperties) = preSolution
		HideSolutionNode = FALSE
	EndGlobalSection
	GlobalSection(ExtensibilityGlobals) = postSolution
		SolutionGuid = {F179206C-8D08-49C5-A199-82E12F0E9521}
	EndGlobalSection
EndGlobal
